{
  "requires": true,
  "lockfileVersion": 1,
  "dependencies": {
    "n": {
      "version": "https://registry.npmjs.org/n/-/n-2.1.8.tgz",
      "integrity": "sha1-m3cPauCpPEnGT7YUYlpjzFoi0f0="
    },
    "nodejs": {
      "version": "https://registry.npmjs.org/nodejs/-/nodejs-0.0.0.tgz",
      "integrity": "sha1-RyL6LhisTrc6Qq4W0B41hKErdTE="
    },
    "xmlhttprequest": {
      "version": "1.8.0",
      "resolved": "https://registry.npmjs.org/xmlhttprequest/-/xmlhttprequest-1.8.0.tgz",
      "integrity": "sha1-Z/4HXFwk/vOfnWX197f+dRcZaPw="
    }
  }
}
